// !$*UTF8*$!
{
	archiveVersion = 1;
	classes = {
	};
	objectVersion = 63;
	objects = {

/* Begin PBXBuildFile section */
		5E1B2DC02C068A1D0006DD19 /* Memojis.docc in Sources */ = {isa = PBXBuildFile; fileRef = 5E1B2DBF2C068A1D0006DD19 /* Memojis.docc */; };
		5E1B2DCF2C0B8DBA0006DD19 /* MemojisDoc.framework in Frameworks */ = {isa = PBXBuildFile; fileRef = 5E1B2DC72C0B8DBA0006DD19 /* MemojisDoc.framework */; };
		5E1B2DD02C0B8DBA0006DD19 /* MemojisDoc.framework in Embed Frameworks */ = {isa = PBXBuildFile; fileRef = 5E1B2DC72C0B8DBA0006DD19 /* MemojisDoc.framework */; settings = {ATTRIBUTES = (CodeSignOnCopy, RemoveHeadersOnCopy, ); }; };
		5E5DE5ED2718D02800C79175 /* MemojisApp.swift in Sources */ = {isa = PBXBuildFile; fileRef = 5E5DE5EC2718D02800C79175 /* MemojisApp.swift */; };
		5E5DE5EF2718D02800C79175 /* EmojiMemoryGameView.swift in Sources */ = {isa = PBXBuildFile; fileRef = 5E5DE5EE2718D02800C79175 /* EmojiMemoryGameView.swift */; };
		5E5DE5F12718D02900C79175 /* Assets.xcassets in Resources */ = {isa = PBXBuildFile; fileRef = 5E5DE5F02718D02900C79175 /* Assets.xcassets */; };
		5E5DE5F42718D02900C79175 /* Preview Assets.xcassets in Resources */ = {isa = PBXBuildFile; fileRef = 5E5DE5F32718D02900C79175 /* Preview Assets.xcassets */; };
		5E5DE5FB271A189F00C79175 /* MemoryGame.swift in Sources */ = {isa = PBXBuildFile; fileRef = 5E5DE5FA271A189F00C79175 /* MemoryGame.swift */; };
		5E5DE5FD271A1A4400C79175 /* EmojiMemoryGame.swift in Sources */ = {isa = PBXBuildFile; fileRef = 5E5DE5FC271A1A4400C79175 /* EmojiMemoryGame.swift */; };
		5E5DE5FF2720CAC200C79175 /* AspectVGrid.swift in Sources */ = {isa = PBXBuildFile; fileRef = 5E5DE5FE2720CAC200C79175 /* AspectVGrid.swift */; };
		5E5DE6012720D6AE00C79175 /* Pie.swift in Sources */ = {isa = PBXBuildFile; fileRef = 5E5DE6002720D6AE00C79175 /* Pie.swift */; };
		5E5DE603272212EC00C79175 /* Cardufy.swift in Sources */ = {isa = PBXBuildFile; fileRef = 5E5DE602272212EC00C79175 /* Cardufy.swift */; };
/* End PBXBuildFile section */

/* Begin PBXContainerItemProxy section */
		5E1B2DCD2C0B8DBA0006DD19 /* PBXContainerItemProxy */ = {
			isa = PBXContainerItemProxy;
			containerPortal = 5E5DE5E12718D02800C79175 /* Project object */;
			proxyType = 1;
			remoteGlobalIDString = 5E1B2DC62C0B8DBA0006DD19;
			remoteInfo = MemojisDoc;
		};
/* End PBXContainerItemProxy section */

/* Begin PBXCopyFilesBuildPhase section */
		5E1B2DD42C0B8DBA0006DD19 /* Embed Frameworks */ = {
			isa = PBXCopyFilesBuildPhase;
			buildActionMask = 2147483647;
			dstPath = "";
			dstSubfolderSpec = 10;
			files = (
				5E1B2DD02C0B8DBA0006DD19 /* MemojisDoc.framework in Embed Frameworks */,
			);
			name = "Embed Frameworks";
			runOnlyForDeploymentPostprocessing = 0;
		};
/* End PBXCopyFilesBuildPhase section */

/* Begin PBXFileReference section */
		5E1B2DBF2C068A1D0006DD19 /* Memojis.docc */ = {isa = PBXFileReference; lastKnownFileType = folder.documentationcatalog; path = Memojis.docc; sourceTree = "<group>"; };
		5E1B2DC72C0B8DBA0006DD19 /* MemojisDoc.framework */ = {isa = PBXFileReference; explicitFileType = wrapper.framework; includeInIndex = 0; path = MemojisDoc.framework; sourceTree = BUILT_PRODUCTS_DIR; };
		5E5DE5E92718D02800C79175 /* Memojis.app */ = {isa = PBXFileReference; explicitFileType = wrapper.application; includeInIndex = 0; path = Memojis.app; sourceTree = BUILT_PRODUCTS_DIR; };
		5E5DE5EC2718D02800C79175 /* MemojisApp.swift */ = {isa = PBXFileReference; lastKnownFileType = sourcecode.swift; path = MemojisApp.swift; sourceTree = "<group>"; };
		5E5DE5EE2718D02800C79175 /* EmojiMemoryGameView.swift */ = {isa = PBXFileReference; lastKnownFileType = sourcecode.swift; path = EmojiMemoryGameView.swift; sourceTree = "<group>"; };
		5E5DE5F02718D02900C79175 /* Assets.xcassets */ = {isa = PBXFileReference; lastKnownFileType = folder.assetcatalog; path = Assets.xcassets; sourceTree = "<group>"; };
		5E5DE5F32718D02900C79175 /* Preview Assets.xcassets */ = {isa = PBXFileReference; lastKnownFileType = folder.assetcatalog; path = "Preview Assets.xcassets"; sourceTree = "<group>"; };
		5E5DE5FA271A189F00C79175 /* MemoryGame.swift */ = {isa = PBXFileReference; lastKnownFileType = sourcecode.swift; path = MemoryGame.swift; sourceTree = "<group>"; };
		5E5DE5FC271A1A4400C79175 /* EmojiMemoryGame.swift */ = {isa = PBXFileReference; lastKnownFileType = sourcecode.swift; path = EmojiMemoryGame.swift; sourceTree = "<group>"; };
		5E5DE5FE2720CAC200C79175 /* AspectVGrid.swift */ = {isa = PBXFileReference; lastKnownFileType = sourcecode.swift; path = AspectVGrid.swift; sourceTree = "<group>"; };
		5E5DE6002720D6AE00C79175 /* Pie.swift */ = {isa = PBXFileReference; lastKnownFileType = sourcecode.swift; path = Pie.swift; sourceTree = "<group>"; };
		5E5DE602272212EC00C79175 /* Cardufy.swift */ = {isa = PBXFileReference; lastKnownFileType = sourcecode.swift; path = Cardufy.swift; sourceTree = "<group>"; };
/* End PBXFileReference section */

/* Begin PBXFrameworksBuildPhase section */
		5E1B2DC42C0B8DBA0006DD19 /* Frameworks */ = {
			isa = PBXFrameworksBuildPhase;
			buildActionMask = 2147483647;
			files = (
			);
			runOnlyForDeploymentPostprocessing = 0;
		};
		5E5DE5E62718D02800C79175 /* Frameworks */ = {
			isa = PBXFrameworksBuildPhase;
			buildActionMask = 2147483647;
			files = (
				5E1B2DCF2C0B8DBA0006DD19 /* MemojisDoc.framework in Frameworks */,
			);
			runOnlyForDeploymentPostprocessing = 0;
		};
/* End PBXFrameworksBuildPhase section */

/* Begin PBXGroup section */
		5E5DE5E02718D02800C79175 = {
			isa = PBXGroup;
			children = (
				5E1B2DBF2C068A1D0006DD19 /* Memojis.docc */,
				5E5DE5EB2718D02800C79175 /* Memojis */,
				5E5DE5EA2718D02800C79175 /* Products */,
			);
			sourceTree = "<group>";
		};
		5E5DE5EA2718D02800C79175 /* Products */ = {
			isa = PBXGroup;
			children = (
				5E5DE5E92718D02800C79175 /* Memojis.app */,
				5E1B2DC72C0B8DBA0006DD19 /* MemojisDoc.framework */,
			);
			name = Products;
			sourceTree = "<group>";
		};
		5E5DE5EB2718D02800C79175 /* Memojis */ = {
			isa = PBXGroup;
			children = (
				5E5DE5EC2718D02800C79175 /* MemojisApp.swift */,
				5EA878DE273BD983000CF0E8 /* View */,
				5EA878DC273BD939000CF0E8 /* Model */,
				5EA878DD273BD955000CF0E8 /* ViewModel */,
				5E855A672BFBC24D006680F5 /* Sources */,
			);
			path = Memojis;
			sourceTree = "<group>";
		};
		5E5DE5F22718D02900C79175 /* Preview Content */ = {
			isa = PBXGroup;
			children = (
				5E5DE5F32718D02900C79175 /* Preview Assets.xcassets */,
			);
			path = "Preview Content";
			sourceTree = "<group>";
		};
		5E855A672BFBC24D006680F5 /* Sources */ = {
			isa = PBXGroup;
			children = (
				5E5DE5F02718D02900C79175 /* Assets.xcassets */,
				5E5DE5F22718D02900C79175 /* Preview Content */,
			);
			path = Sources;
			sourceTree = "<group>";
		};
		5EA878DC273BD939000CF0E8 /* Model */ = {
			isa = PBXGroup;
			children = (
				5E5DE5FA271A189F00C79175 /* MemoryGame.swift */,
			);
			path = Model;
			sourceTree = "<group>";
		};
		5EA878DD273BD955000CF0E8 /* ViewModel */ = {
			isa = PBXGroup;
			children = (
				5E5DE5FC271A1A4400C79175 /* EmojiMemoryGame.swift */,
			);
			path = ViewModel;
			sourceTree = "<group>";
		};
		5EA878DE273BD983000CF0E8 /* View */ = {
			isa = PBXGroup;
			children = (
				5E5DE6002720D6AE00C79175 /* Pie.swift */,
				5E5DE5FE2720CAC200C79175 /* AspectVGrid.swift */,
				5E5DE602272212EC00C79175 /* Cardufy.swift */,
				5E5DE5EE2718D02800C79175 /* EmojiMemoryGameView.swift */,
			);
			path = View;
			sourceTree = "<group>";
		};
/* End PBXGroup section */

/* Begin PBXHeadersBuildPhase section */
		5E1B2DC22C0B8DBA0006DD19 /* Headers */ = {
			isa = PBXHeadersBuildPhase;
			buildActionMask = 2147483647;
			files = (
			);
			runOnlyForDeploymentPostprocessing = 0;
		};
/* End PBXHeadersBuildPhase section */

/* Begin PBXNativeTarget section */
		5E1B2DC62C0B8DBA0006DD19 /* MemojisDoc */ = {
			isa = PBXNativeTarget;
			buildConfigurationList = 5E1B2DD12C0B8DBA0006DD19 /* Build configuration list for PBXNativeTarget "MemojisDoc" */;
			buildPhases = (
				5E1B2DC22C0B8DBA0006DD19 /* Headers */,
				5E1B2DC32C0B8DBA0006DD19 /* Sources */,
				5E1B2DC42C0B8DBA0006DD19 /* Frameworks */,
				5E1B2DC52C0B8DBA0006DD19 /* Resources */,
			);
			buildRules = (
			);
			dependencies = (
			);
			name = MemojisDoc;
			productName = MemojisDoc;
			productReference = 5E1B2DC72C0B8DBA0006DD19 /* MemojisDoc.framework */;
			productType = "com.apple.product-type.framework";
		};
		5E5DE5E82718D02800C79175 /* Memojis */ = {
			isa = PBXNativeTarget;
			buildConfigurationList = 5E5DE5F72718D02900C79175 /* Build configuration list for PBXNativeTarget "Memojis" */;
			buildPhases = (
				5E5DE5E52718D02800C79175 /* Sources */,
				5E5DE5E62718D02800C79175 /* Frameworks */,
				5E5DE5E72718D02800C79175 /* Resources */,
				5E1B2DD42C0B8DBA0006DD19 /* Embed Frameworks */,
			);
			buildRules = (
			);
			dependencies = (
				5E1B2DCE2C0B8DBA0006DD19 /* PBXTargetDependency */,
			);
			name = Memojis;
			productName = Memojis;
			productReference = 5E5DE5E92718D02800C79175 /* Memojis.app */;
			productType = "com.apple.product-type.application";
		};
/* End PBXNativeTarget section */

/* Begin PBXProject section */
		5E5DE5E12718D02800C79175 /* Project object */ = {
			isa = PBXProject;
			attributes = {
				BuildIndependentTargetsInParallel = 1;
				LastSwiftUpdateCheck = 1300;
				LastUpgradeCheck = 1540;
				TargetAttributes = {
					5E1B2DC62C0B8DBA0006DD19 = {
						CreatedOnToolsVersion = 15.4;
					};
					5E5DE5E82718D02800C79175 = {
						CreatedOnToolsVersion = 13.0;
					};
				};
			};
			buildConfigurationList = 5E5DE5E42718D02800C79175 /* Build configuration list for PBXProject "Memojis" */;
			compatibilityVersion = "Xcode 15.3";
			developmentRegion = en;
			hasScannedForEncodings = 0;
			knownRegions = (
				en,
				Base,
			);
			mainGroup = 5E5DE5E02718D02800C79175;
			productRefGroup = 5E5DE5EA2718D02800C79175 /* Products */;
			projectDirPath = "";
			projectRoot = "";
			targets = (
				5E5DE5E82718D02800C79175 /* Memojis */,
				5E1B2DC62C0B8DBA0006DD19 /* MemojisDoc */,
			);
		};
/* End PBXProject section */

/* Begin PBXResourcesBuildPhase section */
		5E1B2DC52C0B8DBA0006DD19 /* Resources */ = {
			isa = PBXResourcesBuildPhase;
			buildActionMask = 2147483647;
			files = (
			);
			runOnlyForDeploymentPostprocessing = 0;
		};
		5E5DE5E72718D02800C79175 /* Resources */ = {
			isa = PBXResourcesBuildPhase;
			buildActionMask = 2147483647;
			files = (
				5E5DE5F42718D02900C79175 /* Preview Assets.xcassets in Resources */,
				5E5DE5F12718D02900C79175 /* Assets.xcassets in Resources */,
			);
			runOnlyForDeploymentPostprocessing = 0;
		};
/* End PBXResourcesBuildPhase section */

/* Begin PBXSourcesBuildPhase section */
		5E1B2DC32C0B8DBA0006DD19 /* Sources */ = {
			isa = PBXSourcesBuildPhase;
			buildActionMask = 2147483647;
			files = (
			);
			runOnlyForDeploymentPostprocessing = 0;
		};
		5E5DE5E52718D02800C79175 /* Sources */ = {
			isa = PBXSourcesBuildPhase;
			buildActionMask = 2147483647;
			files = (
				5E5DE6012720D6AE00C79175 /* Pie.swift in Sources */,
				5E5DE5FB271A189F00C79175 /* MemoryGame.swift in Sources */,
				5E5DE603272212EC00C79175 /* Cardufy.swift in Sources */,
				5E5DE5EF2718D02800C79175 /* EmojiMemoryGameView.swift in Sources */,
				5E1B2DC02C068A1D0006DD19 /* Memojis.docc in Sources */,
				5E5DE5ED2718D02800C79175 /* MemojisApp.swift in Sources */,
				5E5DE5FF2720CAC200C79175 /* AspectVGrid.swift in Sources */,
				5E5DE5FD271A1A4400C79175 /* EmojiMemoryGame.swift in Sources */,
			);
			runOnlyForDeploymentPostprocessing = 0;
		};
/* End PBXSourcesBuildPhase section */

/* Begin PBXTargetDependency section */
		5E1B2DCE2C0B8DBA0006DD19 /* PBXTargetDependency */ = {
			isa = PBXTargetDependency;
			target = 5E1B2DC62C0B8DBA0006DD19 /* MemojisDoc */;
			targetProxy = 5E1B2DCD2C0B8DBA0006DD19 /* PBXContainerItemProxy */;
		};
/* End PBXTargetDependency section */

/* Begin XCBuildConfiguration section */
		5E1B2DD22C0B8DBA0006DD19 /* Debug */ = {
			isa = XCBuildConfiguration;
			buildSettings = {
				BUILD_LIBRARY_FOR_DISTRIBUTION = YES;
				CLANG_CXX_LANGUAGE_STANDARD = "gnu++20";
				CODE_SIGN_STYLE = Automatic;
				CURRENT_PROJECT_VERSION = 1;
				DEFINES_MODULE = YES;
				DEVELOPMENT_TEAM = QNY927L322;
				DYLIB_COMPATIBILITY_VERSION = 1;
				DYLIB_CURRENT_VERSION = 1;
				DYLIB_INSTALL_NAME_BASE = "@rpath";
				ENABLE_MODULE_VERIFIER = YES;
				GCC_C_LANGUAGE_STANDARD = gnu17;
				GENERATE_INFOPLIST_FILE = YES;
				INFOPLIST_KEY_NSHumanReadableCopyright = "";
				INSTALL_PATH = "$(LOCAL_LIBRARY_DIR)/Frameworks";
				IPHONEOS_DEPLOYMENT_TARGET = 17.5;
				LD_RUNPATH_SEARCH_PATHS = (
					"$(inherited)",
					"@executable_path/Frameworks",
					"@loader_path/Frameworks",
				);
				LOCALIZATION_PREFERS_STRING_CATALOGS = YES;
				MARKETING_VERSION = 1.0;
				MODULE_VERIFIER_SUPPORTED_LANGUAGES = "objective-c objective-c++";
				MODULE_VERIFIER_SUPPORTED_LANGUAGE_STANDARDS = "gnu17 gnu++20";
				PRODUCT_BUNDLE_IDENTIFIER = OneMoreOrganization.MemojisDoc;
				PRODUCT_NAME = "$(TARGET_NAME:c99extidentifier)";
				SKIP_INSTALL = YES;
				SWIFT_ACTIVE_COMPILATION_CONDITIONS = "DEBUG $(inherited)";
				SWIFT_EMIT_LOC_STRINGS = YES;
				SWIFT_INSTALL_OBJC_HEADER = NO;
				SWIFT_VERSION = 5.0;
				TARGETED_DEVICE_FAMILY = "1,2";
				VERSIONING_SYSTEM = "apple-generic";
				VERSION_INFO_PREFIX = "";
			};
			name = Debug;
		};
		5E1B2DD32C0B8DBA0006DD19 /* Release */ = {
			isa = XCBuildConfiguration;
			buildSettings = {
				BUILD_LIBRARY_FOR_DISTRIBUTION = YES;
				CLANG_CXX_LANGUAGE_STANDARD = "gnu++20";
				CODE_SIGN_STYLE = Automatic;
				CURRENT_PROJECT_VERSION = 1;
				DEFINES_MODULE = YES;
				DEVELOPMENT_TEAM = QNY927L322;
				DYLIB_COMPATIBILITY_VERSION = 1;
				DYLIB_CURRENT_VERSION = 1;
				DYLIB_INSTALL_NAME_BASE = "@rpath";
				ENABLE_MODULE_VERIFIER = YES;
				GCC_C_LANGUAGE_STANDARD = gnu17;
				GENERATE_INFOPLIST_FILE = YES;
				INFOPLIST_KEY_NSHumanReadableCopyright = "";
				INSTALL_PATH = "$(LOCAL_LIBRARY_DIR)/Frameworks";
				IPHONEOS_DEPLOYMENT_TARGET = 17.5;
				LD_RUNPATH_SEARCH_PATHS = (
					"$(inherited)",
					"@executable_path/Frameworks",
					"@loader_path/Frameworks",
				);
				LOCALIZATION_PREFERS_STRING_CATALOGS = YES;
				MARKETING_VERSION = 1.0;
				MODULE_VERIFIER_SUPPORTED_LANGUAGES = "objective-c objective-c++";
				MODULE_VERIFIER_SUPPORTED_LANGUAGE_STANDARDS = "gnu17 gnu++20";
				PRODUCT_BUNDLE_IDENTIFIER = OneMoreOrganization.MemojisDoc;
				PRODUCT_NAME = "$(TARGET_NAME:c99extidentifier)";
				SKIP_INSTALL = YES;
				SWIFT_EMIT_LOC_STRINGS = YES;
				SWIFT_INSTALL_OBJC_HEADER = NO;
				SWIFT_VERSION = 5.0;
				TARGETED_DEVICE_FAMILY = "1,2";
				VERSIONING_SYSTEM = "apple-generic";
				VERSION_INFO_PREFIX = "";
			};
			name = Release;
		};
		5E5DE5F52718D02900C79175 /* Debug */ = {
			isa = XCBuildConfiguration;
			buildSettings = {
				ALWAYS_SEARCH_USER_PATHS = NO;
				ASSETCATALOG_COMPILER_GENERATE_SWIFT_ASSET_SYMBOL_EXTENSIONS = YES;
				CLANG_ANALYZER_NONNULL = YES;
				CLANG_ANALYZER_NUMBER_OBJECT_CONVERSION = YES_AGGRESSIVE;
				CLANG_CXX_LANGUAGE_STANDARD = "gnu++17";
				CLANG_CXX_LIBRARY = "libc++";
				CLANG_ENABLE_MODULES = YES;
				CLANG_ENABLE_OBJC_ARC = YES;
				CLANG_ENABLE_OBJC_WEAK = YES;
				CLANG_WARN_BLOCK_CAPTURE_AUTORELEASING = YES;
				CLANG_WARN_BOOL_CONVERSION = YES;
				CLANG_WARN_COMMA = YES;
				CLANG_WARN_CONSTANT_CONVERSION = YES;
				CLANG_WARN_DEPRECATED_OBJC_IMPLEMENTATIONS = YES;
				CLANG_WARN_DIRECT_OBJC_ISA_USAGE = YES_ERROR;
				CLANG_WARN_DOCUMENTATION_COMMENTS = YES;
				CLANG_WARN_EMPTY_BODY = YES;
				CLANG_WARN_ENUM_CONVERSION = YES;
				CLANG_WARN_INFINITE_RECURSION = YES;
				CLANG_WARN_INT_CONVERSION = YES;
				CLANG_WARN_NON_LITERAL_NULL_CONVERSION = YES;
				CLANG_WARN_OBJC_IMPLICIT_RETAIN_SELF = YES;
				CLANG_WARN_OBJC_LITERAL_CONVERSION = YES;
				CLANG_WARN_OBJC_ROOT_CLASS = YES_ERROR;
				CLANG_WARN_QUOTED_INCLUDE_IN_FRAMEWORK_HEADER = YES;
				CLANG_WARN_RANGE_LOOP_ANALYSIS = YES;
				CLANG_WARN_STRICT_PROTOTYPES = YES;
				CLANG_WARN_SUSPICIOUS_MOVE = YES;
				CLANG_WARN_UNGUARDED_AVAILABILITY = YES_AGGRESSIVE;
				CLANG_WARN_UNREACHABLE_CODE = YES;
				CLANG_WARN__DUPLICATE_METHOD_MATCH = YES;
				COPY_PHASE_STRIP = NO;
				DEBUG_INFORMATION_FORMAT = dwarf;
				DOCC_HOSTING_BASE_PATH = memojis;
				ENABLE_STRICT_OBJC_MSGSEND = YES;
				ENABLE_TESTABILITY = YES;
				ENABLE_USER_SCRIPT_SANDBOXING = YES;
				GCC_C_LANGUAGE_STANDARD = gnu11;
				GCC_DYNAMIC_NO_PIC = NO;
				GCC_NO_COMMON_BLOCKS = YES;
				GCC_OPTIMIZATION_LEVEL = 0;
				GCC_PREPROCESSOR_DEFINITIONS = (
					"DEBUG=1",
					"$(inherited)",
				);
				GCC_WARN_64_TO_32_BIT_CONVERSION = YES;
				GCC_WARN_ABOUT_RETURN_TYPE = YES_ERROR;
				GCC_WARN_UNDECLARED_SELECTOR = YES;
				GCC_WARN_UNINITIALIZED_AUTOS = YES_AGGRESSIVE;
				GCC_WARN_UNUSED_FUNCTION = YES;
				GCC_WARN_UNUSED_VARIABLE = YES;
				IPHONEOS_DEPLOYMENT_TARGET = 17.2;
				MTL_ENABLE_DEBUG_INFO = INCLUDE_SOURCE;
				MTL_FAST_MATH = YES;
				ONLY_ACTIVE_ARCH = YES;
				RUN_DOCUMENTATION_COMPILER = YES;
				SDKROOT = iphoneos;
				SWIFT_ACTIVE_COMPILATION_CONDITIONS = DEBUG;
				SWIFT_OPTIMIZATION_LEVEL = "-Onone";
			};
			name = Debug;
		};
		5E5DE5F62718D02900C79175 /* Release */ = {
			isa = XCBuildConfiguration;
			buildSettings = {
				ALWAYS_SEARCH_USER_PATHS = NO;
				ASSETCATALOG_COMPILER_GENERATE_SWIFT_ASSET_SYMBOL_EXTENSIONS = YES;
				CLANG_ANALYZER_NONNULL = YES;
				CLANG_ANALYZER_NUMBER_OBJECT_CONVERSION = YES_AGGRESSIVE;
				CLANG_CXX_LANGUAGE_STANDARD = "gnu++17";
				CLANG_CXX_LIBRARY = "libc++";
				CLANG_ENABLE_MODULES = YES;
				CLANG_ENABLE_OBJC_ARC = YES;
				CLANG_ENABLE_OBJC_WEAK = YES;
				CLANG_WARN_BLOCK_CAPTURE_AUTORELEASING = YES;
				CLANG_WARN_BOOL_CONVERSION = YES;
				CLANG_WARN_COMMA = YES;
				CLANG_WARN_CONSTANT_CONVERSION = YES;
				CLANG_WARN_DEPRECATED_OBJC_IMPLEMENTATIONS = YES;
				CLANG_WARN_DIRECT_OBJC_ISA_USAGE = YES_ERROR;
				CLANG_WARN_DOCUMENTATION_COMMENTS = YES;
				CLANG_WARN_EMPTY_BODY = YES;
				CLANG_WARN_ENUM_CONVERSION = YES;
				CLANG_WARN_INFINITE_RECURSION = YES;
				CLANG_WARN_INT_CONVERSION = YES;
				CLANG_WARN_NON_LITERAL_NULL_CONVERSION = YES;
				CLANG_WARN_OBJC_IMPLICIT_RETAIN_SELF = YES;
				CLANG_WARN_OBJC_LITERAL_CONVERSION = YES;
				CLANG_WARN_OBJC_ROOT_CLASS = YES_ERROR;
				CLANG_WARN_QUOTED_INCLUDE_IN_FRAMEWORK_HEADER = YES;
				CLANG_WARN_RANGE_LOOP_ANALYSIS = YES;
				CLANG_WARN_STRICT_PROTOTYPES = YES;
				CLANG_WARN_SUSPICIOUS_MOVE = YES;
				CLANG_WARN_UNGUARDED_AVAILABILITY = YES_AGGRESSIVE;
				CLANG_WARN_UNREACHABLE_CODE = YES;
				CLANG_WARN__DUPLICATE_METHOD_MATCH = YES;
				COPY_PHASE_STRIP = NO;
				DEBUG_INFORMATION_FORMAT = "dwarf-with-dsym";
				DOCC_HOSTING_BASE_PATH = memojis;
				ENABLE_NS_ASSERTIONS = NO;
				ENABLE_STRICT_OBJC_MSGSEND = YES;
				ENABLE_USER_SCRIPT_SANDBOXING = YES;
				GCC_C_LANGUAGE_STANDARD = gnu11;
				GCC_NO_COMMON_BLOCKS = YES;
				GCC_WARN_64_TO_32_BIT_CONVERSION = YES;
				GCC_WARN_ABOUT_RETURN_TYPE = YES_ERROR;
				GCC_WARN_UNDECLARED_SELECTOR = YES;
				GCC_WARN_UNINITIALIZED_AUTOS = YES_AGGRESSIVE;
				GCC_WARN_UNUSED_FUNCTION = YES;
				GCC_WARN_UNUSED_VARIABLE = YES;
				IPHONEOS_DEPLOYMENT_TARGET = 17.2;
				MTL_ENABLE_DEBUG_INFO = NO;
				MTL_FAST_MATH = YES;
				RUN_DOCUMENTATION_COMPILER = YES;
				SDKROOT = iphoneos;
				SWIFT_COMPILATION_MODE = wholemodule;
				SWIFT_OPTIMIZATION_LEVEL = "-O";
				VALIDATE_PRODUCT = YES;
			};
			name = Release;
		};
		5E5DE5F82718D02900C79175 /* Debug */ = {
			isa = XCBuildConfiguration;
			buildSettings = {
				ASSETCATALOG_COMPILER_APPICON_NAME = AppIcon;
				ASSETCATALOG_COMPILER_GLOBAL_ACCENT_COLOR_NAME = AccentColor;
				CODE_SIGN_STYLE = Automatic;
				CURRENT_PROJECT_VERSION = 1;
				DEVELOPMENT_ASSET_PATHS = "\"Memojis/Sources/Preview Content\"";
				DEVELOPMENT_TEAM = QNY927L322;
				DOCC_HOSTING_BASE_PATH = Memojis;
				ENABLE_PREVIEWS = YES;
				GENERATE_INFOPLIST_FILE = YES;
				INFOPLIST_KEY_CFBundleDisplayName = "$(PRODUCT_NAME)";
				INFOPLIST_KEY_UIApplicationSceneManifest_Generation = YES;
				INFOPLIST_KEY_UIApplicationSupportsIndirectInputEvents = YES;
				INFOPLIST_KEY_UILaunchScreen_Generation = YES;
				INFOPLIST_KEY_UISupportedInterfaceOrientations_iPad = "UIInterfaceOrientationPortrait UIInterfaceOrientationPortraitUpsideDown UIInterfaceOrientationLandscapeLeft UIInterfaceOrientationLandscapeRight";
				INFOPLIST_KEY_UISupportedInterfaceOrientations_iPhone = "UIInterfaceOrientationPortrait UIInterfaceOrientationLandscapeLeft UIInterfaceOrientationLandscapeRight";
				IPHONEOS_DEPLOYMENT_TARGET = 17.2;
				LD_RUNPATH_SEARCH_PATHS = (
					"$(inherited)",
					"@executable_path/Frameworks",
				);
				MARKETING_VERSION = 1.0;
				PRODUCT_BUNDLE_IDENTIFIER = MemojisApp;
				PRODUCT_NAME = "$(TARGET_NAME)";
				RUN_DOCUMENTATION_COMPILER = YES;
				SUPPORTED_PLATFORMS = "iphoneos iphonesimulator";
				SUPPORTS_MACCATALYST = NO;
				SUPPORTS_MAC_DESIGNED_FOR_IPHONE_IPAD = NO;
				SUPPORTS_XR_DESIGNED_FOR_IPHONE_IPAD = NO;
				SWIFT_EMIT_LOC_STRINGS = YES;
				SWIFT_VERSION = 5.0;
				TARGETED_DEVICE_FAMILY = 1;
			};
			name = Debug;
		};
		5E5DE5F92718D02900C79175 /* Release */ = {
			isa = XCBuildConfiguration;
			buildSettings = {
				ASSETCATALOG_COMPILER_APPICON_NAME = AppIcon;
				ASSETCATALOG_COMPILER_GLOBAL_ACCENT_COLOR_NAME = AccentColor;
				CODE_SIGN_STYLE = Automatic;
				CURRENT_PROJECT_VERSION = 1;
				DEVELOPMENT_ASSET_PATHS = "\"Memojis/Sources/Preview Content\"";
				DEVELOPMENT_TEAM = QNY927L322;
				DOCC_HOSTING_BASE_PATH = Memojis;
				ENABLE_PREVIEWS = YES;
				GENERATE_INFOPLIST_FILE = YES;
				INFOPLIST_KEY_CFBundleDisplayName = "$(PRODUCT_NAME)";
				INFOPLIST_KEY_UIApplicationSceneManifest_Generation = YES;
				INFOPLIST_KEY_UIApplicationSupportsIndirectInputEvents = YES;
				INFOPLIST_KEY_UILaunchScreen_Generation = YES;
				INFOPLIST_KEY_UISupportedInterfaceOrientations_iPad = "UIInterfaceOrientationPortrait UIInterfaceOrientationPortraitUpsideDown UIInterfaceOrientationLandscapeLeft UIInterfaceOrientationLandscapeRight";
				INFOPLIST_KEY_UISupportedInterfaceOrientations_iPhone = "UIInterfaceOrientationPortrait UIInterfaceOrientationLandscapeLeft UIInterfaceOrientationLandscapeRight";
				IPHONEOS_DEPLOYMENT_TARGET = 17.2;
				LD_RUNPATH_SEARCH_PATHS = (
					"$(inherited)",
					"@executable_path/Frameworks",
				);
				MARKETING_VERSION = 1.0;
				PRODUCT_BUNDLE_IDENTIFIER = MemojisApp;
				PRODUCT_NAME = "$(TARGET_NAME)";
				RUN_DOCUMENTATION_COMPILER = YES;
				SUPPORTED_PLATFORMS = "iphoneos iphonesimulator";
				SUPPORTS_MACCATALYST = NO;
				SUPPORTS_MAC_DESIGNED_FOR_IPHONE_IPAD = NO;
				SUPPORTS_XR_DESIGNED_FOR_IPHONE_IPAD = NO;
				SWIFT_EMIT_LOC_STRINGS = YES;
				SWIFT_VERSION = 5.0;
				TARGETED_DEVICE_FAMILY = 1;
			};
			name = Release;
		};
/* End XCBuildConfiguration section */

/* Begin XCConfigurationList section */
		5E1B2DD12C0B8DBA0006DD19 /* Build configuration list for PBXNativeTarget "MemojisDoc" */ = {
			isa = XCConfigurationList;
			buildConfigurations = (
				5E1B2DD22C0B8DBA0006DD19 /* Debug */,
				5E1B2DD32C0B8DBA0006DD19 /* Release */,
			);
			defaultConfigurationIsVisible = 0;
			defaultConfigurationName = Release;
		};
		5E5DE5E42718D02800C79175 /* Build configuration list for PBXProject "Memojis" */ = {
			isa = XCConfigurationList;
			buildConfigurations = (
				5E5DE5F52718D02900C79175 /* Debug */,
				5E5DE5F62718D02900C79175 /* Release */,
			);
			defaultConfigurationIsVisible = 0;
			defaultConfigurationName = Release;
		};
		5E5DE5F72718D02900C79175 /* Build configuration list for PBXNativeTarget "Memojis" */ = {
			isa = XCConfigurationList;
			buildConfigurations = (
				5E5DE5F82718D02900C79175 /* Debug */,
				5E5DE5F92718D02900C79175 /* Release */,
			);
			defaultConfigurationIsVisible = 0;
			defaultConfigurationName = Release;
		};
/* End XCConfigurationList section */
	};
	rootObject = 5E5DE5E12718D02800C79175 /* Project object */;
}
